
Microsoft Visual Studio Solution File, Format Version 12.00
# Visual Studio Version 17
VisualStudioVersion = 17.14.37111.16 d17.14
MinimumVisualStudioVersion = 10.0.40219.1
Project("{8BC9CEB8-8B4A-11D0-8D11-00A0C91BC942}") = "InvertedCallModel", "InvertedCallModel\InvertedCallModel.vcxproj", "{AA0C670C-EF86-6B1E-BD3A-AB5B9D47D34E}"
EndProject
Project("{8BC9CEB8-8B4A-11D0-8D11-00A0C91BC942}") = "InvertedCallModelUserApp", "InvertedCallModelUserApp\InvertedCallModelUserApp.vcxproj", "{4F4A2320-B901-4C8C-B2B9-439D185EBC6B}"
EndProject
Global
	GlobalSection(SolutionConfigurationPlatforms) = preSolution
		Debug|ARM64 = Debug|ARM64
		Debug|x64 = Debug|x64
		Release|ARM64 = Release|ARM64
		Release|x64 = Release|x64
	EndGlobalSection
	GlobalSection(ProjectConfigurationPlatforms) = postSolution
		{AA0C670C-EF86-6B1E-BD3A-AB5B9D47D34E}.Debug|ARM64.ActiveCfg = Debug|ARM64
		{AA0C670C-EF86-6B1E-BD3A-AB5B9D47D34E}.Debug|ARM64.Build.0 = Debug|ARM64
		{AA0C670C-EF86-6B1E-BD3A-AB5B9D47D34E}.Debug|ARM64.Deploy.0 = Debug|ARM64
		{AA0C670C-EF86-6B1E-BD3A-AB5B9D47D34E}.Debug|x64.ActiveCfg = Debug|x64
		{AA0C670C-EF86-6B1E-BD3A-AB5B9D47D34E}.Debug|x64.Build.0 = Debug|x64
		{AA0C670C-EF86-6B1E-BD3A-AB5B9D47D34E}.Debug|x64.Deploy.0 = Debug|x64
		{AA0C670C-EF86-6B1E-BD3A-AB5B9D47D34E}.Release|ARM64.ActiveCfg = Release|ARM64
		{AA0C670C-EF86-6B1E-BD3A-AB5B9D47D34E}.Release|ARM64.Build.0 = Release|ARM64
		{AA0C670C-EF86-6B1E-BD3A-AB5B9D47D34E}.Release|ARM64.Deploy.0 = Release|ARM64
		{AA0C670C-EF86-6B1E-BD3A-AB5B9D47D34E}.Release|x64.ActiveCfg = Release|x64
		{AA0C670C-EF86-6B1E-BD3A-AB5B9D47D34E}.Release|x64.Build.0 = Release|x64
		{AA0C670C-EF86-6B1E-BD3A-AB5B9D47D34E}.Release|x64.Deploy.0 = Release|x64
		{4F4A2320-B901-4C8C-B2B9-439D185EBC6B}.Debug|ARM64.ActiveCfg = Debug|x64
		{4F4A2320-B901-4C8C-B2B9-439D185EBC6B}.Debug|ARM64.Build.0 = Debug|x64
		{4F4A2320-B901-4C8C-B2B9-439D185EBC6B}.Debug|x64.ActiveCfg = Debug|x64
		{4F4A2320-B901-4C8C-B2B9-439D185EBC6B}.Debug|x64.Build.0 = Debug|x64
		{4F4A2320-B901-4C8C-B2B9-439D185EBC6B}.Release|ARM64.ActiveCfg = Release|x64
		{4F4A2320-B901-4C8C-B2B9-439D185EBC6B}.Release|ARM64.Build.0 = Release|x64
		{4F4A2320-B901-4C8C-B2B9-439D185EBC6B}.Release|x64.ActiveCfg = Release|x64
		{4F4A2320-B901-4C8C-B2B9-439D185EBC6B}.Release|x64.Build.0 = Release|x64
	EndGlobalSection
	GlobalSection(SolutionProperties) = preSolution
		HideSolutionNode = FALSE
	EndGlobalSection
	GlobalSection(ExtensibilityGlobals) = postSolution
		SolutionGuid = {04874251-3E67-409B-9ACC-DF3BE201A807}
	EndGlobalSection
EndGlobal
